// !$*UTF8*$!
{
	archiveVersion = 1;
	classes = {
	};
	objectVersion = 56;
	objects = {

/* Begin PBXBuildFile section */
		C934BB802C4220D200E64526 /* FontExamplesView.swift in Sources */ = {isa = PBXBuildFile; fileRef = C934BB7F2C4220D200E64526 /* FontExamplesView.swift */; };
		C934BB832C42215D00E64526 /* FontsRow.swift in Sources */ = {isa = PBXBuildFile; fileRef = C934BB822C42215D00E64526 /* FontsRow.swift */; };
		C934BB852C425CF700E64526 /* MyFont.swift in Sources */ = {isa = PBXBuildFile; fileRef = C934BB842C425CF700E64526 /* MyFont.swift */; };
		C934BB872C425EAE00E64526 /* FontDetailView.swift in Sources */ = {isa = PBXBuildFile; fileRef = C934BB862C425EAE00E64526 /* FontDetailView.swift */; };
		C934BB892C4277DE00E64526 /* FavoriteButton.swift in Sources */ = {isa = PBXBuildFile; fileRef = C934BB882C4277DE00E64526 /* FavoriteButton.swift */; };
		C934BB8C2C44BAF400E64526 /* HexagonParameters.swift in Sources */ = {isa = PBXBuildFile; fileRef = C934BB8B2C44BAF400E64526 /* HexagonParameters.swift */; };
		C934BB8E2C44BB9D00E64526 /* BadgeBackground.swift in Sources */ = {isa = PBXBuildFile; fileRef = C934BB8D2C44BB9D00E64526 /* BadgeBackground.swift */; };
		C934BB902C44BFB900E64526 /* BadgeSymbol.swift in Sources */ = {isa = PBXBuildFile; fileRef = C934BB8F2C44BFB900E64526 /* BadgeSymbol.swift */; };
		C934BB922C44C0A400E64526 /* RotatedBadgeSymbol.swift in Sources */ = {isa = PBXBuildFile; fileRef = C934BB912C44C0A400E64526 /* RotatedBadgeSymbol.swift */; };
		C934BB942C44C10300E64526 /* Badge.swift in Sources */ = {isa = PBXBuildFile; fileRef = C934BB932C44C10300E64526 /* Badge.swift */; };
		C934BB962C44C3BE00E64526 /* hikeData.json in Resources */ = {isa = PBXBuildFile; fileRef = C934BB952C44C3BE00E64526 /* hikeData.json */; };
		C934BB982C44C3F800E64526 /* Hike.swift in Sources */ = {isa = PBXBuildFile; fileRef = C934BB972C44C3F800E64526 /* Hike.swift */; };
		C934BB9B2C44C53000E64526 /* GraphCapsule.swift in Sources */ = {isa = PBXBuildFile; fileRef = C934BB9A2C44C53000E64526 /* GraphCapsule.swift */; };
		C934BB9D2C44C6D200E64526 /* HikeGraph.swift in Sources */ = {isa = PBXBuildFile; fileRef = C934BB9C2C44C6D200E64526 /* HikeGraph.swift */; };
		C934BB9F2C44D31F00E64526 /* HikeDetail.swift in Sources */ = {isa = PBXBuildFile; fileRef = C934BB9E2C44D31F00E64526 /* HikeDetail.swift */; };
		C934BBA12C44EEC000E64526 /* HikeView.swift in Sources */ = {isa = PBXBuildFile; fileRef = C934BBA02C44EEC000E64526 /* HikeView.swift */; };
		C934BBA32C44F44D00E64526 /* CategoryHome.swift in Sources */ = {isa = PBXBuildFile; fileRef = C934BBA22C44F44D00E64526 /* CategoryHome.swift */; };
		C934BBA52C44F98800E64526 /* CategoryRow.swift in Sources */ = {isa = PBXBuildFile; fileRef = C934BBA42C44F98800E64526 /* CategoryRow.swift */; };
		C934BBA72C4500F300E64526 /* CategoryItem.swift in Sources */ = {isa = PBXBuildFile; fileRef = C934BBA62C4500F300E64526 /* CategoryItem.swift */; };
		C934BBA92C4505D700E64526 /* APPTabView.swift in Sources */ = {isa = PBXBuildFile; fileRef = C934BBA82C4505D700E64526 /* APPTabView.swift */; };
		C9836FD22C37F78700CC039E /* SwiftUI_TutorialsApp.swift in Sources */ = {isa = PBXBuildFile; fileRef = C9836FD12C37F78700CC039E /* SwiftUI_TutorialsApp.swift */; };
		C9836FD42C37F78700CC039E /* LandmarkListView.swift in Sources */ = {isa = PBXBuildFile; fileRef = C9836FD32C37F78700CC039E /* LandmarkListView.swift */; };
		C9836FD62C37F78800CC039E /* Assets.xcassets in Resources */ = {isa = PBXBuildFile; fileRef = C9836FD52C37F78800CC039E /* Assets.xcassets */; };
		C9836FD92C37F78800CC039E /* Preview Assets.xcassets in Resources */ = {isa = PBXBuildFile; fileRef = C9836FD82C37F78800CC039E /* Preview Assets.xcassets */; };
		C9836FE12C37FA4900CC039E /* landmarkData.json in Resources */ = {isa = PBXBuildFile; fileRef = C9836FE02C37FA4900CC039E /* landmarkData.json */; };
		C9836FE32C37FA5A00CC039E /* Landmark.swift in Sources */ = {isa = PBXBuildFile; fileRef = C9836FE22C37FA5A00CC039E /* Landmark.swift */; };
		C9836FE62C37FBAC00CC039E /* ModelData.swift in Sources */ = {isa = PBXBuildFile; fileRef = C9836FE52C37FBAC00CC039E /* ModelData.swift */; };
		C9D4D8062C3B9656006DD498 /* LoginView.swift in Sources */ = {isa = PBXBuildFile; fileRef = C9D4D8052C3B9656006DD498 /* LoginView.swift */; };
		C9D4D8092C3BB4E5006DD498 /* LandmarkRow.swift in Sources */ = {isa = PBXBuildFile; fileRef = C9D4D8082C3BB4E5006DD498 /* LandmarkRow.swift */; };
		C9D4D80B2C3BB4EE006DD498 /* DetailView.swift in Sources */ = {isa = PBXBuildFile; fileRef = C9D4D80A2C3BB4EE006DD498 /* DetailView.swift */; };
		C9D4D80D2C3BB508006DD498 /* CircleImage.swift in Sources */ = {isa = PBXBuildFile; fileRef = C9D4D80C2C3BB508006DD498 /* CircleImage.swift */; };
		C9D4D80F2C3BC921006DD498 /* MapView.swift in Sources */ = {isa = PBXBuildFile; fileRef = C9D4D80E2C3BC921006DD498 /* MapView.swift */; };
/* End PBXBuildFile section */

/* Begin PBXFileReference section */
		C934BB7F2C4220D200E64526 /* FontExamplesView.swift */ = {isa = PBXFileReference; lastKnownFileType = sourcecode.swift; path = FontExamplesView.swift; sourceTree = "<group>"; };
		C934BB822C42215D00E64526 /* FontsRow.swift */ = {isa = PBXFileReference; lastKnownFileType = sourcecode.swift; path = FontsRow.swift; sourceTree = "<group>"; };
		C934BB842C425CF700E64526 /* MyFont.swift */ = {isa = PBXFileReference; lastKnownFileType = sourcecode.swift; path = MyFont.swift; sourceTree = "<group>"; };
		C934BB862C425EAE00E64526 /* FontDetailView.swift */ = {isa = PBXFileReference; lastKnownFileType = sourcecode.swift; path = FontDetailView.swift; sourceTree = "<group>"; };
		C934BB882C4277DE00E64526 /* FavoriteButton.swift */ = {isa = PBXFileReference; lastKnownFileType = sourcecode.swift; path = FavoriteButton.swift; sourceTree = "<group>"; };
		C934BB8B2C44BAF400E64526 /* HexagonParameters.swift */ = {isa = PBXFileReference; lastKnownFileType = sourcecode.swift; path = HexagonParameters.swift; sourceTree = "<group>"; };
		C934BB8D2C44BB9D00E64526 /* BadgeBackground.swift */ = {isa = PBXFileReference; lastKnownFileType = sourcecode.swift; path = BadgeBackground.swift; sourceTree = "<group>"; };
		C934BB8F2C44BFB900E64526 /* BadgeSymbol.swift */ = {isa = PBXFileReference; lastKnownFileType = sourcecode.swift; path = BadgeSymbol.swift; sourceTree = "<group>"; };
		C934BB912C44C0A400E64526 /* RotatedBadgeSymbol.swift */ = {isa = PBXFileReference; lastKnownFileType = sourcecode.swift; path = RotatedBadgeSymbol.swift; sourceTree = "<group>"; };
		C934BB932C44C10300E64526 /* Badge.swift */ = {isa = PBXFileReference; lastKnownFileType = sourcecode.swift; path = Badge.swift; sourceTree = "<group>"; };
		C934BB952C44C3BE00E64526 /* hikeData.json */ = {isa = PBXFileReference; fileEncoding = 4; lastKnownFileType = text.json; path = hikeData.json; sourceTree = "<group>"; };
		C934BB972C44C3F800E64526 /* Hike.swift */ = {isa = PBXFileReference; lastKnownFileType = sourcecode.swift; path = Hike.swift; sourceTree = "<group>"; };
		C934BB9A2C44C53000E64526 /* GraphCapsule.swift */ = {isa = PBXFileReference; lastKnownFileType = sourcecode.swift; path = GraphCapsule.swift; sourceTree = "<group>"; };
		C934BB9C2C44C6D200E64526 /* HikeGraph.swift */ = {isa = PBXFileReference; lastKnownFileType = sourcecode.swift; path = HikeGraph.swift; sourceTree = "<group>"; };
		C934BB9E2C44D31F00E64526 /* HikeDetail.swift */ = {isa = PBXFileReference; lastKnownFileType = sourcecode.swift; path = HikeDetail.swift; sourceTree = "<group>"; };
		C934BBA02C44EEC000E64526 /* HikeView.swift */ = {isa = PBXFileReference; lastKnownFileType = sourcecode.swift; path = HikeView.swift; sourceTree = "<group>"; };
		C934BBA22C44F44D00E64526 /* CategoryHome.swift */ = {isa = PBXFileReference; lastKnownFileType = sourcecode.swift; path = CategoryHome.swift; sourceTree = "<group>"; };
		C934BBA42C44F98800E64526 /* CategoryRow.swift */ = {isa = PBXFileReference; lastKnownFileType = sourcecode.swift; path = CategoryRow.swift; sourceTree = "<group>"; };
		C934BBA62C4500F300E64526 /* CategoryItem.swift */ = {isa = PBXFileReference; lastKnownFileType = sourcecode.swift; path = CategoryItem.swift; sourceTree = "<group>"; };
		C934BBA82C4505D700E64526 /* APPTabView.swift */ = {isa = PBXFileReference; lastKnownFileType = sourcecode.swift; path = APPTabView.swift; sourceTree = "<group>"; };
		C9836FCE2C37F78700CC039E /* SwiftUI-Tutorials.app */ = {isa = PBXFileReference; explicitFileType = wrapper.application; includeInIndex = 0; path = "SwiftUI-Tutorials.app"; sourceTree = BUILT_PRODUCTS_DIR; };
		C9836FD12C37F78700CC039E /* SwiftUI_TutorialsApp.swift */ = {isa = PBXFileReference; lastKnownFileType = sourcecode.swift; path = SwiftUI_TutorialsApp.swift; sourceTree = "<group>"; };
		C9836FD32C37F78700CC039E /* LandmarkListView.swift */ = {isa = PBXFileReference; lastKnownFileType = sourcecode.swift; path = LandmarkListView.swift; sourceTree = "<group>"; };
		C9836FD52C37F78800CC039E /* Assets.xcassets */ = {isa = PBXFileReference; lastKnownFileType = folder.assetcatalog; path = Assets.xcassets; sourceTree = "<group>"; };
		C9836FD82C37F78800CC039E /* Preview Assets.xcassets */ = {isa = PBXFileReference; lastKnownFileType = folder.assetcatalog; path = "Preview Assets.xcassets"; sourceTree = "<group>"; };
		C9836FE02C37FA4900CC039E /* landmarkData.json */ = {isa = PBXFileReference; fileEncoding = 4; lastKnownFileType = text.json; path = landmarkData.json; sourceTree = "<group>"; };
		C9836FE22C37FA5A00CC039E /* Landmark.swift */ = {isa = PBXFileReference; lastKnownFileType = sourcecode.swift; path = Landmark.swift; sourceTree = "<group>"; };
		C9836FE52C37FBAC00CC039E /* ModelData.swift */ = {isa = PBXFileReference; lastKnownFileType = sourcecode.swift; path = ModelData.swift; sourceTree = "<group>"; };
		C9D4D8052C3B9656006DD498 /* LoginView.swift */ = {isa = PBXFileReference; lastKnownFileType = sourcecode.swift; path = LoginView.swift; sourceTree = "<group>"; };
		C9D4D8082C3BB4E5006DD498 /* LandmarkRow.swift */ = {isa = PBXFileReference; lastKnownFileType = sourcecode.swift; path = LandmarkRow.swift; sourceTree = "<group>"; };
		C9D4D80A2C3BB4EE006DD498 /* DetailView.swift */ = {isa = PBXFileReference; lastKnownFileType = sourcecode.swift; path = DetailView.swift; sourceTree = "<group>"; };
		C9D4D80C2C3BB508006DD498 /* CircleImage.swift */ = {isa = PBXFileReference; lastKnownFileType = sourcecode.swift; path = CircleImage.swift; sourceTree = "<group>"; };
		C9D4D80E2C3BC921006DD498 /* MapView.swift */ = {isa = PBXFileReference; lastKnownFileType = sourcecode.swift; path = MapView.swift; sourceTree = "<group>"; };
/* End PBXFileReference section */

/* Begin PBXFrameworksBuildPhase section */
		C9836FCB2C37F78700CC039E /* Frameworks */ = {
			isa = PBXFrameworksBuildPhase;
			buildActionMask = 2147483647;
			files = (
			);
			runOnlyForDeploymentPostprocessing = 0;
		};
/* End PBXFrameworksBuildPhase section */

/* Begin PBXGroup section */
		C934BB812C42210700E64526 /* Fonts */ = {
			isa = PBXGroup;
			children = (
				C934BB7F2C4220D200E64526 /* FontExamplesView.swift */,
				C934BB822C42215D00E64526 /* FontsRow.swift */,
				C934BB842C425CF700E64526 /* MyFont.swift */,
				C934BB862C425EAE00E64526 /* FontDetailView.swift */,
			);
			path = Fonts;
			sourceTree = "<group>";
		};
		C934BB8A2C44B55B00E64526 /* Badges */ = {
			isa = PBXGroup;
			children = (
				C934BB8B2C44BAF400E64526 /* HexagonParameters.swift */,
				C934BB8D2C44BB9D00E64526 /* BadgeBackground.swift */,
				C934BB8F2C44BFB900E64526 /* BadgeSymbol.swift */,
				C934BB912C44C0A400E64526 /* RotatedBadgeSymbol.swift */,
				C934BB932C44C10300E64526 /* Badge.swift */,
			);
			path = Badges;
			sourceTree = "<group>";
		};
		C934BB992C44C52100E64526 /* Hikes */ = {
			isa = PBXGroup;
			children = (
				C934BBA02C44EEC000E64526 /* HikeView.swift */,
				C934BB9E2C44D31F00E64526 /* HikeDetail.swift */,
				C934BB9C2C44C6D200E64526 /* HikeGraph.swift */,
				C934BB9A2C44C53000E64526 /* GraphCapsule.swift */,
			);
			path = Hikes;
			sourceTree = "<group>";
		};
		C9836FC52C37F78700CC039E = {
			isa = PBXGroup;
			children = (
				C9836FD02C37F78700CC039E /* SwiftUI-Tutorials */,
				C9836FCF2C37F78700CC039E /* Products */,
			);
			sourceTree = "<group>";
		};
		C9836FCF2C37F78700CC039E /* Products */ = {
			isa = PBXGroup;
			children = (
				C9836FCE2C37F78700CC039E /* SwiftUI-Tutorials.app */,
			);
			name = Products;
			sourceTree = "<group>";
		};
		C9836FD02C37F78700CC039E /* SwiftUI-Tutorials */ = {
			isa = PBXGroup;
			children = (
				C9836FD12C37F78700CC039E /* SwiftUI_TutorialsApp.swift */,
				C934BBA82C4505D700E64526 /* APPTabView.swift */,
				C934BB812C42210700E64526 /* Fonts */,
				C9D4D8072C3BB4D1006DD498 /* Home */,
				C9D4D8052C3B9656006DD498 /* LoginView.swift */,
				C9836FE42C37FB9C00CC039E /* Model */,
				C9836FDF2C37FA3700CC039E /* Resources */,
				C9836FD52C37F78800CC039E /* Assets.xcassets */,
				C9836FD72C37F78800CC039E /* Preview Content */,
			);
			path = "SwiftUI-Tutorials";
			sourceTree = "<group>";
		};
		C9836FD72C37F78800CC039E /* Preview Content */ = {
			isa = PBXGroup;
			children = (
				C9836FD82C37F78800CC039E /* Preview Assets.xcassets */,
			);
			path = "Preview Content";
			sourceTree = "<group>";
		};
		C9836FDF2C37FA3700CC039E /* Resources */ = {
			isa = PBXGroup;
			children = (
				C934BB952C44C3BE00E64526 /* hikeData.json */,
				C9836FE02C37FA4900CC039E /* landmarkData.json */,
			);
			path = Resources;
			sourceTree = "<group>";
		};
		C9836FE42C37FB9C00CC039E /* Model */ = {
			isa = PBXGroup;
			children = (
				C9836FE52C37FBAC00CC039E /* ModelData.swift */,
				C9836FE22C37FA5A00CC039E /* Landmark.swift */,
				C934BB972C44C3F800E64526 /* Hike.swift */,
			);
			path = Model;
			sourceTree = "<group>";
		};
		C9D4D8072C3BB4D1006DD498 /* Home */ = {
			isa = PBXGroup;
			children = (
				C934BB992C44C52100E64526 /* Hikes */,
				C934BB8A2C44B55B00E64526 /* Badges */,
				C934BBA22C44F44D00E64526 /* CategoryHome.swift */,
				C934BBA42C44F98800E64526 /* CategoryRow.swift */,
				C934BBA62C4500F300E64526 /* CategoryItem.swift */,
				C9836FD32C37F78700CC039E /* LandmarkListView.swift */,
				C9D4D8082C3BB4E5006DD498 /* LandmarkRow.swift */,
				C9D4D80A2C3BB4EE006DD498 /* DetailView.swift */,
				C9D4D80C2C3BB508006DD498 /* CircleImage.swift */,
				C9D4D80E2C3BC921006DD498 /* MapView.swift */,
				C934BB882C4277DE00E64526 /* FavoriteButton.swift */,
			);
			path = Home;
			sourceTree = "<group>";
		};
/* End PBXGroup section */

/* Begin PBXNativeTarget section */
		C9836FCD2C37F78700CC039E /* SwiftUI-Tutorials */ = {
			isa = PBXNativeTarget;
			buildConfigurationList = C9836FDC2C37F78800CC039E /* Build configuration list for PBXNativeTarget "SwiftUI-Tutorials" */;
			buildPhases = (
				C9836FCA2C37F78700CC039E /* Sources */,
				C9836FCB2C37F78700CC039E /* Frameworks */,
				C9836FCC2C37F78700CC039E /* Resources */,
			);
			buildRules = (
			);
			dependencies = (
			);
			name = "SwiftUI-Tutorials";
			productName = "SwiftUI-Tutorials";
			productReference = C9836FCE2C37F78700CC039E /* SwiftUI-Tutorials.app */;
			productType = "com.apple.product-type.application";
		};
/* End PBXNativeTarget section */

/* Begin PBXProject section */
		C9836FC62C37F78700CC039E /* Project object */ = {
			isa = PBXProject;
			attributes = {
				BuildIndependentTargetsInParallel = 1;
				LastSwiftUpdateCheck = 1520;
				LastUpgradeCheck = 1520;
				TargetAttributes = {
					C9836FCD2C37F78700CC039E = {
						CreatedOnToolsVersion = 15.2;
					};
				};
			};
			buildConfigurationList = C9836FC92C37F78700CC039E /* Build configuration list for PBXProject "SwiftUI-Tutorials" */;
			compatibilityVersion = "Xcode 14.0";
			developmentRegion = en;
			hasScannedForEncodings = 0;
			knownRegions = (
				en,
				Base,
			);
			mainGroup = C9836FC52C37F78700CC039E;
			productRefGroup = C9836FCF2C37F78700CC039E /* Products */;
			projectDirPath = "";
			projectRoot = "";
			targets = (
				C9836FCD2C37F78700CC039E /* SwiftUI-Tutorials */,
			);
		};
/* End PBXProject section */

/* Begin PBXResourcesBuildPhase section */
		C9836FCC2C37F78700CC039E /* Resources */ = {
			isa = PBXResourcesBuildPhase;
			buildActionMask = 2147483647;
			files = (
				C934BB962C44C3BE00E64526 /* hikeData.json in Resources */,
				C9836FD92C37F78800CC039E /* Preview Assets.xcassets in Resources */,
				C9836FD62C37F78800CC039E /* Assets.xcassets in Resources */,
				C9836FE12C37FA4900CC039E /* landmarkData.json in Resources */,
			);
			runOnlyForDeploymentPostprocessing = 0;
		};
/* End PBXResourcesBuildPhase section */

/* Begin PBXSourcesBuildPhase section */
		C9836FCA2C37F78700CC039E /* Sources */ = {
			isa = PBXSourcesBuildPhase;
			buildActionMask = 2147483647;
			files = (
				C934BB8C2C44BAF400E64526 /* HexagonParameters.swift in Sources */,
				C934BB9D2C44C6D200E64526 /* HikeGraph.swift in Sources */,
				C934BB802C4220D200E64526 /* FontExamplesView.swift in Sources */,
				C934BB832C42215D00E64526 /* FontsRow.swift in Sources */,
				C934BBA72C4500F300E64526 /* CategoryItem.swift in Sources */,
				C934BBA32C44F44D00E64526 /* CategoryHome.swift in Sources */,
				C934BB9F2C44D31F00E64526 /* HikeDetail.swift in Sources */,
				C934BBA52C44F98800E64526 /* CategoryRow.swift in Sources */,
				C934BB8E2C44BB9D00E64526 /* BadgeBackground.swift in Sources */,
				C9D4D8062C3B9656006DD498 /* LoginView.swift in Sources */,
				C9D4D80D2C3BB508006DD498 /* CircleImage.swift in Sources */,
				C9836FD42C37F78700CC039E /* LandmarkListView.swift in Sources */,
				C934BB902C44BFB900E64526 /* BadgeSymbol.swift in Sources */,
				C9836FE62C37FBAC00CC039E /* ModelData.swift in Sources */,
				C9D4D80B2C3BB4EE006DD498 /* DetailView.swift in Sources */,
				C934BB982C44C3F800E64526 /* Hike.swift in Sources */,
				C934BBA12C44EEC000E64526 /* HikeView.swift in Sources */,
				C9836FD22C37F78700CC039E /* SwiftUI_TutorialsApp.swift in Sources */,
				C934BBA92C4505D700E64526 /* APPTabView.swift in Sources */,
				C934BB922C44C0A400E64526 /* RotatedBadgeSymbol.swift in Sources */,
				C934BB852C425CF700E64526 /* MyFont.swift in Sources */,
				C9D4D8092C3BB4E5006DD498 /* LandmarkRow.swift in Sources */,
				C934BB872C425EAE00E64526 /* FontDetailView.swift in Sources */,
				C934BB892C4277DE00E64526 /* FavoriteButton.swift in Sources */,
				C9D4D80F2C3BC921006DD498 /* MapView.swift in Sources */,
				C9836FE32C37FA5A00CC039E /* Landmark.swift in Sources */,
				C934BB942C44C10300E64526 /* Badge.swift in Sources */,
				C934BB9B2C44C53000E64526 /* GraphCapsule.swift in Sources */,
			);
			runOnlyForDeploymentPostprocessing = 0;
		};
/* End PBXSourcesBuildPhase section */

/* Begin XCBuildConfiguration section */
		C9836FDA2C37F78800CC039E /* Debug */ = {
			isa = XCBuildConfiguration;
			buildSettings = {
				ALWAYS_SEARCH_USER_PATHS = NO;
				ASSETCATALOG_COMPILER_GENERATE_SWIFT_ASSET_SYMBOL_EXTENSIONS = YES;
				CLANG_ANALYZER_NONNULL = YES;
				CLANG_ANALYZER_NUMBER_OBJECT_CONVERSION = YES_AGGRESSIVE;
				CLANG_CXX_LANGUAGE_STANDARD = "gnu++20";
				CLANG_ENABLE_MODULES = YES;
				CLANG_ENABLE_OBJC_ARC = YES;
				CLANG_ENABLE_OBJC_WEAK = YES;
				CLANG_WARN_BLOCK_CAPTURE_AUTORELEASING = YES;
				CLANG_WARN_BOOL_CONVERSION = YES;
				CLANG_WARN_COMMA = YES;
				CLANG_WARN_CONSTANT_CONVERSION = YES;
				CLANG_WARN_DEPRECATED_OBJC_IMPLEMENTATIONS = YES;
				CLANG_WARN_DIRECT_OBJC_ISA_USAGE = YES_ERROR;
				CLANG_WARN_DOCUMENTATION_COMMENTS = YES;
				CLANG_WARN_EMPTY_BODY = YES;
				CLANG_WARN_ENUM_CONVERSION = YES;
				CLANG_WARN_INFINITE_RECURSION = YES;
				CLANG_WARN_INT_CONVERSION = YES;
				CLANG_WARN_NON_LITERAL_NULL_CONVERSION = YES;
				CLANG_WARN_OBJC_IMPLICIT_RETAIN_SELF = YES;
				CLANG_WARN_OBJC_LITERAL_CONVERSION = YES;
				CLANG_WARN_OBJC_ROOT_CLASS = YES_ERROR;
				CLANG_WARN_QUOTED_INCLUDE_IN_FRAMEWORK_HEADER = YES;
				CLANG_WARN_RANGE_LOOP_ANALYSIS = YES;
				CLANG_WARN_STRICT_PROTOTYPES = YES;
				CLANG_WARN_SUSPICIOUS_MOVE = YES;
				CLANG_WARN_UNGUARDED_AVAILABILITY = YES_AGGRESSIVE;
				CLANG_WARN_UNREACHABLE_CODE = YES;
				CLANG_WARN__DUPLICATE_METHOD_MATCH = YES;
				COPY_PHASE_STRIP = NO;
				DEBUG_INFORMATION_FORMAT = dwarf;
				ENABLE_STRICT_OBJC_MSGSEND = YES;
				ENABLE_TESTABILITY = YES;
				ENABLE_USER_SCRIPT_SANDBOXING = YES;
				GCC_C_LANGUAGE_STANDARD = gnu17;
				GCC_DYNAMIC_NO_PIC = NO;
				GCC_NO_COMMON_BLOCKS = YES;
				GCC_OPTIMIZATION_LEVEL = 0;
				GCC_PREPROCESSOR_DEFINITIONS = (
					"DEBUG=1",
					"$(inherited)",
				);
				GCC_WARN_64_TO_32_BIT_CONVERSION = YES;
				GCC_WARN_ABOUT_RETURN_TYPE = YES_ERROR;
				GCC_WARN_UNDECLARED_SELECTOR = YES;
				GCC_WARN_UNINITIALIZED_AUTOS = YES_AGGRESSIVE;
				GCC_WARN_UNUSED_FUNCTION = YES;
				GCC_WARN_UNUSED_VARIABLE = YES;
				IPHONEOS_DEPLOYMENT_TARGET = 17.2;
				LOCALIZATION_PREFERS_STRING_CATALOGS = YES;
				MTL_ENABLE_DEBUG_INFO = INCLUDE_SOURCE;
				MTL_FAST_MATH = YES;
				ONLY_ACTIVE_ARCH = YES;
				SDKROOT = iphoneos;
				SWIFT_ACTIVE_COMPILATION_CONDITIONS = "DEBUG $(inherited)";
				SWIFT_OPTIMIZATION_LEVEL = "-Onone";
			};
			name = Debug;
		};
		C9836FDB2C37F78800CC039E /* Release */ = {
			isa = XCBuildConfiguration;
			buildSettings = {
				ALWAYS_SEARCH_USER_PATHS = NO;
				ASSETCATALOG_COMPILER_GENERATE_SWIFT_ASSET_SYMBOL_EXTENSIONS = YES;
				CLANG_ANALYZER_NONNULL = YES;
				CLANG_ANALYZER_NUMBER_OBJECT_CONVERSION = YES_AGGRESSIVE;
				CLANG_CXX_LANGUAGE_STANDARD = "gnu++20";
				CLANG_ENABLE_MODULES = YES;
				CLANG_ENABLE_OBJC_ARC = YES;
				CLANG_ENABLE_OBJC_WEAK = YES;
				CLANG_WARN_BLOCK_CAPTURE_AUTORELEASING = YES;
				CLANG_WARN_BOOL_CONVERSION = YES;
				CLANG_WARN_COMMA = YES;
				CLANG_WARN_CONSTANT_CONVERSION = YES;
				CLANG_WARN_DEPRECATED_OBJC_IMPLEMENTATIONS = YES;
				CLANG_WARN_DIRECT_OBJC_ISA_USAGE = YES_ERROR;
				CLANG_WARN_DOCUMENTATION_COMMENTS = YES;
				CLANG_WARN_EMPTY_BODY = YES;
				CLANG_WARN_ENUM_CONVERSION = YES;
				CLANG_WARN_INFINITE_RECURSION = YES;
				CLANG_WARN_INT_CONVERSION = YES;
				CLANG_WARN_NON_LITERAL_NULL_CONVERSION = YES;
				CLANG_WARN_OBJC_IMPLICIT_RETAIN_SELF = YES;
				CLANG_WARN_OBJC_LITERAL_CONVERSION = YES;
				CLANG_WARN_OBJC_ROOT_CLASS = YES_ERROR;
				CLANG_WARN_QUOTED_INCLUDE_IN_FRAMEWORK_HEADER = YES;
				CLANG_WARN_RANGE_LOOP_ANALYSIS = YES;
				CLANG_WARN_STRICT_PROTOTYPES = YES;
				CLANG_WARN_SUSPICIOUS_MOVE = YES;
				CLANG_WARN_UNGUARDED_AVAILABILITY = YES_AGGRESSIVE;
				CLANG_WARN_UNREACHABLE_CODE = YES;
				CLANG_WARN__DUPLICATE_METHOD_MATCH = YES;
				COPY_PHASE_STRIP = NO;
				DEBUG_INFORMATION_FORMAT = "dwarf-with-dsym";
				ENABLE_NS_ASSERTIONS = NO;
				ENABLE_STRICT_OBJC_MSGSEND = YES;
				ENABLE_USER_SCRIPT_SANDBOXING = YES;
				GCC_C_LANGUAGE_STANDARD = gnu17;
				GCC_NO_COMMON_BLOCKS = YES;
				GCC_WARN_64_TO_32_BIT_CONVERSION = YES;
				GCC_WARN_ABOUT_RETURN_TYPE = YES_ERROR;
				GCC_WARN_UNDECLARED_SELECTOR = YES;
				GCC_WARN_UNINITIALIZED_AUTOS = YES_AGGRESSIVE;
				GCC_WARN_UNUSED_FUNCTION = YES;
				GCC_WARN_UNUSED_VARIABLE = YES;
				IPHONEOS_DEPLOYMENT_TARGET = 17.2;
				LOCALIZATION_PREFERS_STRING_CATALOGS = YES;
				MTL_ENABLE_DEBUG_INFO = NO;
				MTL_FAST_MATH = YES;
				SDKROOT = iphoneos;
				SWIFT_COMPILATION_MODE = wholemodule;
				VALIDATE_PRODUCT = YES;
			};
			name = Release;
		};
		C9836FDD2C37F78800CC039E /* Debug */ = {
			isa = XCBuildConfiguration;
			buildSettings = {
				ASSETCATALOG_COMPILER_APPICON_NAME = AppIcon;
				ASSETCATALOG_COMPILER_GLOBAL_ACCENT_COLOR_NAME = AccentColor;
				CODE_SIGN_STYLE = Automatic;
				CURRENT_PROJECT_VERSION = 1;
				DEVELOPMENT_ASSET_PATHS = "\"SwiftUI-Tutorials/Preview Content\"";
				DEVELOPMENT_TEAM = ZXPXG49X5L;
				ENABLE_PREVIEWS = YES;
				GENERATE_INFOPLIST_FILE = YES;
				INFOPLIST_KEY_UIApplicationSceneManifest_Generation = YES;
				INFOPLIST_KEY_UIApplicationSupportsIndirectInputEvents = YES;
				INFOPLIST_KEY_UILaunchScreen_Generation = YES;
				INFOPLIST_KEY_UISupportedInterfaceOrientations_iPad = "UIInterfaceOrientationPortrait UIInterfaceOrientationPortraitUpsideDown UIInterfaceOrientationLandscapeLeft UIInterfaceOrientationLandscapeRight";
				INFOPLIST_KEY_UISupportedInterfaceOrientations_iPhone = "UIInterfaceOrientationPortrait UIInterfaceOrientationLandscapeLeft UIInterfaceOrientationLandscapeRight";
				IPHONEOS_DEPLOYMENT_TARGET = 17.0;
				LD_RUNPATH_SEARCH_PATHS = (
					"$(inherited)",
					"@executable_path/Frameworks",
				);
				MARKETING_VERSION = 1.0;
				PRODUCT_BUNDLE_IDENTIFIER = "com.onehut.test.SwiftUI-Tutorials";
				PRODUCT_NAME = "$(TARGET_NAME)";
				SWIFT_EMIT_LOC_STRINGS = YES;
				SWIFT_VERSION = 5.0;
				TARGETED_DEVICE_FAMILY = "1,2";
			};
			name = Debug;
		};
		C9836FDE2C37F78800CC039E /* Release */ = {
			isa = XCBuildConfiguration;
			buildSettings = {
				ASSETCATALOG_COMPILER_APPICON_NAME = AppIcon;
				ASSETCATALOG_COMPILER_GLOBAL_ACCENT_COLOR_NAME = AccentColor;
				CODE_SIGN_STYLE = Automatic;
				CURRENT_PROJECT_VERSION = 1;
				DEVELOPMENT_ASSET_PATHS = "\"SwiftUI-Tutorials/Preview Content\"";
				DEVELOPMENT_TEAM = ZXPXG49X5L;
				ENABLE_PREVIEWS = YES;
				GENERATE_INFOPLIST_FILE = YES;
				INFOPLIST_KEY_UIApplicationSceneManifest_Generation = YES;
				INFOPLIST_KEY_UIApplicationSupportsIndirectInputEvents = YES;
				INFOPLIST_KEY_UILaunchScreen_Generation = YES;
				INFOPLIST_KEY_UISupportedInterfaceOrientations_iPad = "UIInterfaceOrientationPortrait UIInterfaceOrientationPortraitUpsideDown UIInterfaceOrientationLandscapeLeft UIInterfaceOrientationLandscapeRight";
				INFOPLIST_KEY_UISupportedInterfaceOrientations_iPhone = "UIInterfaceOrientationPortrait UIInterfaceOrientationLandscapeLeft UIInterfaceOrientationLandscapeRight";
				IPHONEOS_DEPLOYMENT_TARGET = 17.0;
				LD_RUNPATH_SEARCH_PATHS = (
					"$(inherited)",
					"@executable_path/Frameworks",
				);
				MARKETING_VERSION = 1.0;
				PRODUCT_BUNDLE_IDENTIFIER = "com.onehut.test.SwiftUI-Tutorials";
				PRODUCT_NAME = "$(TARGET_NAME)";
				SWIFT_EMIT_LOC_STRINGS = YES;
				SWIFT_VERSION = 5.0;
				TARGETED_DEVICE_FAMILY = "1,2";
			};
			name = Release;
		};
/* End XCBuildConfiguration section */

/* Begin XCConfigurationList section */
		C9836FC92C37F78700CC039E /* Build configuration list for PBXProject "SwiftUI-Tutorials" */ = {
			isa = XCConfigurationList;
			buildConfigurations = (
				C9836FDA2C37F78800CC039E /* Debug */,
				C9836FDB2C37F78800CC039E /* Release */,
			);
			defaultConfigurationIsVisible = 0;
			defaultConfigurationName = Release;
		};
		C9836FDC2C37F78800CC039E /* Build configuration list for PBXNativeTarget "SwiftUI-Tutorials" */ = {
			isa = XCConfigurationList;
			buildConfigurations = (
				C9836FDD2C37F78800CC039E /* Debug */,
				C9836FDE2C37F78800CC039E /* Release */,
			);
			defaultConfigurationIsVisible = 0;
			defaultConfigurationName = Release;
		};
/* End XCConfigurationList section */
	};
	rootObject = C9836FC62C37F78700CC039E /* Project object */;
}
